
Microsoft Visual Studio Solution File, Format Version 12.00
# Visual Studio Version 17
VisualStudioVersion = 17.11.35327.3
MinimumVisualStudioVersion = 15.0.26124.0
Project("{9A19103F-16F7-4668-BE54-9A1E7A4F7556}") = "ResxConverter", "ResxConverter\ResxConverter.csproj", "{9CE83D88-8F2D-46F4-A678-7532EF91DF08}"
EndProject
Project("{2150E333-8FDC-42A3-9474-1A3956D46DE8}") = "Solution Items", "Solution Items", "{700F6241-8415-4B16-878C-451CA4C67995}"
	ProjectSection(SolutionItems) = preProject
		..\.gitignore = ..\.gitignore
		Directory.Build.props = Directory.Build.props
		Directory.Packages.props = Directory.Packages.props
		Tests.runsettings = Tests.runsettings
	EndProjectSection
EndProject
Project("{9A19103F-16F7-4668-BE54-9A1E7A4F7556}") = "ExampleResources", "ExampleResources\ExampleResources.csproj", "{F3393BEB-9868-4FBC-8DB9-0FEFB234D98F}"
EndProject
Project("{FAE04EC0-301F-11D3-BF4B-00C04F79EFBC}") = "LanguageTool.Client", "LanguageTool.Client\LanguageTool.Client.csproj", "{2DA93CAC-DC4C-492D-99A9-2F0F3CCBE392}"
EndProject
Global
	GlobalSection(SolutionConfigurationPlatforms) = preSolution
		Debug|Any CPU = Debug|Any CPU
		Debug|x64 = Debug|x64
		Debug|x86 = Debug|x86
		Release|Any CPU = Release|Any CPU
		Release|x64 = Release|x64
		Release|x86 = Release|x86
	EndGlobalSection
	GlobalSection(ProjectConfigurationPlatforms) = postSolution
		{9CE83D88-8F2D-46F4-A678-7532EF91DF08}.Debug|Any CPU.ActiveCfg = Debug|Any CPU
		{9CE83D88-8F2D-46F4-A678-7532EF91DF08}.Debug|Any CPU.Build.0 = Debug|Any CPU
		{9CE83D88-8F2D-46F4-A678-7532EF91DF08}.Debug|x64.ActiveCfg = Debug|Any CPU
		{9CE83D88-8F2D-46F4-A678-7532EF91DF08}.Debug|x64.Build.0 = Debug|Any CPU
		{9CE83D88-8F2D-46F4-A678-7532EF91DF08}.Debug|x86.ActiveCfg = Debug|Any CPU
		{9CE83D88-8F2D-46F4-A678-7532EF91DF08}.Debug|x86.Build.0 = Debug|Any CPU
		{9CE83D88-8F2D-46F4-A678-7532EF91DF08}.Release|Any CPU.ActiveCfg = Release|Any CPU
		{9CE83D88-8F2D-46F4-A678-7532EF91DF08}.Release|Any CPU.Build.0 = Release|Any CPU
		{9CE83D88-8F2D-46F4-A678-7532EF91DF08}.Release|x64.ActiveCfg = Release|Any CPU
		{9CE83D88-8F2D-46F4-A678-7532EF91DF08}.Release|x64.Build.0 = Release|Any CPU
		{9CE83D88-8F2D-46F4-A678-7532EF91DF08}.Release|x86.ActiveCfg = Release|Any CPU
		{9CE83D88-8F2D-46F4-A678-7532EF91DF08}.Release|x86.Build.0 = Release|Any CPU
		{F3393BEB-9868-4FBC-8DB9-0FEFB234D98F}.Debug|Any CPU.ActiveCfg = Debug|Any CPU
		{F3393BEB-9868-4FBC-8DB9-0FEFB234D98F}.Debug|Any CPU.Build.0 = Debug|Any CPU
		{F3393BEB-9868-4FBC-8DB9-0FEFB234D98F}.Debug|x64.ActiveCfg = Debug|Any CPU
		{F3393BEB-9868-4FBC-8DB9-0FEFB234D98F}.Debug|x64.Build.0 = Debug|Any CPU
		{F3393BEB-9868-4FBC-8DB9-0FEFB234D98F}.Debug|x86.ActiveCfg = Debug|Any CPU
		{F3393BEB-9868-4FBC-8DB9-0FEFB234D98F}.Debug|x86.Build.0 = Debug|Any CPU
		{F3393BEB-9868-4FBC-8DB9-0FEFB234D98F}.Release|Any CPU.ActiveCfg = Release|Any CPU
		{F3393BEB-9868-4FBC-8DB9-0FEFB234D98F}.Release|Any CPU.Build.0 = Release|Any CPU
		{F3393BEB-9868-4FBC-8DB9-0FEFB234D98F}.Release|x64.ActiveCfg = Release|Any CPU
		{F3393BEB-9868-4FBC-8DB9-0FEFB234D98F}.Release|x64.Build.0 = Release|Any CPU
		{F3393BEB-9868-4FBC-8DB9-0FEFB234D98F}.Release|x86.ActiveCfg = Release|Any CPU
		{F3393BEB-9868-4FBC-8DB9-0FEFB234D98F}.Release|x86.Build.0 = Release|Any CPU
		{2DA93CAC-DC4C-492D-99A9-2F0F3CCBE392}.Debug|Any CPU.ActiveCfg = Debug|Any CPU
		{2DA93CAC-DC4C-492D-99A9-2F0F3CCBE392}.Debug|Any CPU.Build.0 = Debug|Any CPU
		{2DA93CAC-DC4C-492D-99A9-2F0F3CCBE392}.Debug|x64.ActiveCfg = Debug|Any CPU
		{2DA93CAC-DC4C-492D-99A9-2F0F3CCBE392}.Debug|x64.Build.0 = Debug|Any CPU
		{2DA93CAC-DC4C-492D-99A9-2F0F3CCBE392}.Debug|x86.ActiveCfg = Debug|Any CPU
		{2DA93CAC-DC4C-492D-99A9-2F0F3CCBE392}.Debug|x86.Build.0 = Debug|Any CPU
		{2DA93CAC-DC4C-492D-99A9-2F0F3CCBE392}.Release|Any CPU.ActiveCfg = Release|Any CPU
		{2DA93CAC-DC4C-492D-99A9-2F0F3CCBE392}.Release|Any CPU.Build.0 = Release|Any CPU
		{2DA93CAC-DC4C-492D-99A9-2F0F3CCBE392}.Release|x64.ActiveCfg = Release|Any CPU
		{2DA93CAC-DC4C-492D-99A9-2F0F3CCBE392}.Release|x64.Build.0 = Release|Any CPU
		{2DA93CAC-DC4C-492D-99A9-2F0F3CCBE392}.Release|x86.ActiveCfg = Release|Any CPU
		{2DA93CAC-DC4C-492D-99A9-2F0F3CCBE392}.Release|x86.Build.0 = Release|Any CPU
	EndGlobalSection
	GlobalSection(SolutionProperties) = preSolution
		HideSolutionNode = FALSE
	EndGlobalSection
	GlobalSection(ExtensibilityGlobals) = postSolution
		SolutionGuid = {B82771F6-1F5C-4152-90DC-D92E0CF3AC69}
	EndGlobalSection
EndGlobal
